
Microsoft Visual Studio Solution File, Format Version 12.00
# Visual Studio Version 17
VisualStudioVersion = 17.5.33424.131
MinimumVisualStudioVersion = 10.0.40219.1
Project("{8BC9CEB8-8B4A-11D0-8D11-00A0C91BC942}") = "Task1", "Task1.vcxproj", "{446901C4-075C-439A-A54A-113DC4156F60}"
EndProject
Global
	GlobalSection(SolutionConfigurationPlatforms) = preSolution
		Debug|x64 = Debug|x64
		Debug|x86 = Debug|x86
		Release|x64 = Release|x64
		Release|x86 = Release|x86
	EndGlobalSection
	GlobalSection(ProjectConfigurationPlatforms) = postSolution
		{446901C4-075C-439A-A54A-113DC4156F60}.Debug|x64.ActiveCfg = Debug|x64
		{446901C4-075C-439A-A54A-113DC4156F60}.Debug|x64.Build.0 = Debug|x64
		{446901C4-075C-439A-A54A-113DC4156F60}.Debug|x86.ActiveCfg = Debug|Win32
		{446901C4-075C-439A-A54A-113DC4156F60}.Debug|x86.Build.0 = Debug|Win32
		{446901C4-075C-439A-A54A-113DC4156F60}.Release|x64.ActiveCfg = Release|x64
		{446901C4-075C-439A-A54A-113DC4156F60}.Release|x64.Build.0 = Release|x64
		{446901C4-075C-439A-A54A-113DC4156F60}.Release|x86.ActiveCfg = Release|Win32
		{446901C4-075C-439A-A54A-113DC4156F60}.Release|x86.Build.0 = Release|Win32
	EndGlobalSection
	GlobalSection(SolutionProperties) = preSolution
		HideSolutionNode = FALSE
	EndGlobalSection
	GlobalSection(ExtensibilityGlobals) = postSolution
		SolutionGuid = {DC1DE7F7-05E2-4F36-B2BC-5FFB0370D3E0}
	EndGlobalSection
EndGlobal
